
Microsoft Visual Studio Solution File, Format Version 12.00
# Visual Studio Version 17
VisualStudioVersion = 17.7.34221.43
MinimumVisualStudioVersion = 10.0.40219.1
Project("{FAE04EC0-301F-11D3-BF4B-00C04F79EFBC}") = "ASP.NET-Task", "ASP.NET-Task\ASP.NET-Task.csproj", "{B6614FFA-8DD5-4BE1-962F-4AE0F442C72D}"
EndProject
Global
	GlobalSection(SolutionConfigurationPlatforms) = preSolution
		Debug|Any CPU = Debug|Any CPU
		Release|Any CPU = Release|Any CPU
	EndGlobalSection
	GlobalSection(ProjectConfigurationPlatforms) = postSolution
		{B6614FFA-8DD5-4BE1-962F-4AE0F442C72D}.Debug|Any CPU.ActiveCfg = Debug|Any CPU
		{B6614FFA-8DD5-4BE1-962F-4AE0F442C72D}.Debug|Any CPU.Build.0 = Debug|Any CPU
		{B6614FFA-8DD5-4BE1-962F-4AE0F442C72D}.Release|Any CPU.ActiveCfg = Release|Any CPU
		{B6614FFA-8DD5-4BE1-962F-4AE0F442C72D}.Release|Any CPU.Build.0 = Release|Any CPU
	EndGlobalSection
	GlobalSection(SolutionProperties) = preSolution
		HideSolutionNode = FALSE
	EndGlobalSection
	GlobalSection(ExtensibilityGlobals) = postSolution
		SolutionGuid = {42604777-A450-4BFB-A7B5-B8E3F55DCB65}
	EndGlobalSection
EndGlobal
